// !$*UTF8*$!
{
	archiveVersion = 1;
	classes = {
	};
	objectVersion = 56;
	objects = {

/* Begin PBXBuildFile section */
		4D50EAF5295DE7DC001CDF97 /* HackingWeatherApp.swift in Sources */ = {isa = PBXBuildFile; fileRef = 4D50EAF4295DE7DC001CDF97 /* HackingWeatherApp.swift */; };
		4D50EAF7295DE7DC001CDF97 /* ContentView.swift in Sources */ = {isa = PBXBuildFile; fileRef = 4D50EAF6295DE7DC001CDF97 /* ContentView.swift */; };
		4D50EAF9295DE7DD001CDF97 /* Assets.xcassets in Resources */ = {isa = PBXBuildFile; fileRef = 4D50EAF8295DE7DD001CDF97 /* Assets.xcassets */; };
		4D50EAFC295DE7DD001CDF97 /* Preview Assets.xcassets in Resources */ = {isa = PBXBuildFile; fileRef = 4D50EAFB295DE7DD001CDF97 /* Preview Assets.xcassets */; };
		4D50EB03295DE871001CDF97 /* Cloud.swift in Sources */ = {isa = PBXBuildFile; fileRef = 4D50EB02295DE871001CDF97 /* Cloud.swift */; };
		4D50EB05295DE9A9001CDF97 /* CloudGroup.swift in Sources */ = {isa = PBXBuildFile; fileRef = 4D50EB04295DE9A9001CDF97 /* CloudGroup.swift */; };
		4D50EB07295DEC59001CDF97 /* CloudsView.swift in Sources */ = {isa = PBXBuildFile; fileRef = 4D50EB06295DEC59001CDF97 /* CloudsView.swift */; };
		4D50EB09295E11A1001CDF97 /* Color-Custom.swift in Sources */ = {isa = PBXBuildFile; fileRef = 4D50EB08295E11A1001CDF97 /* Color-Custom.swift */; };
		4D50EB0B295E12CA001CDF97 /* Array.GradientStop.swift in Sources */ = {isa = PBXBuildFile; fileRef = 4D50EB0A295E12CA001CDF97 /* Array.GradientStop.swift */; };
		4D50EB0D295F2A74001CDF97 /* Color-Interpolation.swift in Sources */ = {isa = PBXBuildFile; fileRef = 4D50EB0C295F2A74001CDF97 /* Color-Interpolation.swift */; };
		4D50EB0F295F42F0001CDF97 /* Star.swift in Sources */ = {isa = PBXBuildFile; fileRef = 4D50EB0E295F42F0001CDF97 /* Star.swift */; };
		4D50EB11295F4348001CDF97 /* StarField.swift in Sources */ = {isa = PBXBuildFile; fileRef = 4D50EB10295F4348001CDF97 /* StarField.swift */; };
		4D50EB13295F4489001CDF97 /* StarsView.swift in Sources */ = {isa = PBXBuildFile; fileRef = 4D50EB12295F4489001CDF97 /* StarsView.swift */; };
		4D50EB15295F59B1001CDF97 /* Storm.swift in Sources */ = {isa = PBXBuildFile; fileRef = 4D50EB14295F59B1001CDF97 /* Storm.swift */; };
		4D50EB17295F5A42001CDF97 /* StormDrop.swift in Sources */ = {isa = PBXBuildFile; fileRef = 4D50EB16295F5A42001CDF97 /* StormDrop.swift */; };
		4D50EB19295F5DB4001CDF97 /* StormView.swift in Sources */ = {isa = PBXBuildFile; fileRef = 4D50EB18295F5DB4001CDF97 /* StormView.swift */; };
		4D50EB1B295F63E7001CDF97 /* ResidueDrop.swift in Sources */ = {isa = PBXBuildFile; fileRef = 4D50EB1A295F63E7001CDF97 /* ResidueDrop.swift */; };
		4D50EB1D295F6565001CDF97 /* Residue.swift in Sources */ = {isa = PBXBuildFile; fileRef = 4D50EB1C295F6565001CDF97 /* Residue.swift */; };
		4D50EB1F295F6FAF001CDF97 /* ResidueView.swift in Sources */ = {isa = PBXBuildFile; fileRef = 4D50EB1E295F6FAF001CDF97 /* ResidueView.swift */; };
		4D50EB21295F70B3001CDF97 /* WeatherDetailsView.swift in Sources */ = {isa = PBXBuildFile; fileRef = 4D50EB20295F70B3001CDF97 /* WeatherDetailsView.swift */; };
		4D52765A2969B5900095EFC9 /* SunView.swift in Sources */ = {isa = PBXBuildFile; fileRef = 4D5276592969B5900095EFC9 /* SunView.swift */; };
		4D52765C2969BCCC0095EFC9 /* Meteor.swift in Sources */ = {isa = PBXBuildFile; fileRef = 4D52765B2969BCCC0095EFC9 /* Meteor.swift */; };
		4D52765E2969BE880095EFC9 /* MeteorShower.swift in Sources */ = {isa = PBXBuildFile; fileRef = 4D52765D2969BE880095EFC9 /* MeteorShower.swift */; };
		4D84425B2967222400CE6898 /* LightningBolt.swift in Sources */ = {isa = PBXBuildFile; fileRef = 4D84425A2967222400CE6898 /* LightningBolt.swift */; };
		4D84425D296723B100CE6898 /* Lightning.swift in Sources */ = {isa = PBXBuildFile; fileRef = 4D84425C296723B100CE6898 /* Lightning.swift */; };
		4D84425F29672F6000CE6898 /* LightningView.swift in Sources */ = {isa = PBXBuildFile; fileRef = 4D84425E29672F6000CE6898 /* LightningView.swift */; };
/* End PBXBuildFile section */

/* Begin PBXFileReference section */
		4D50EAF1295DE7DC001CDF97 /* HackingWeather.app */ = {isa = PBXFileReference; explicitFileType = wrapper.application; includeInIndex = 0; path = HackingWeather.app; sourceTree = BUILT_PRODUCTS_DIR; };
		4D50EAF4295DE7DC001CDF97 /* HackingWeatherApp.swift */ = {isa = PBXFileReference; lastKnownFileType = sourcecode.swift; path = HackingWeatherApp.swift; sourceTree = "<group>"; };
		4D50EAF6295DE7DC001CDF97 /* ContentView.swift */ = {isa = PBXFileReference; lastKnownFileType = sourcecode.swift; path = ContentView.swift; sourceTree = "<group>"; };
		4D50EAF8295DE7DD001CDF97 /* Assets.xcassets */ = {isa = PBXFileReference; lastKnownFileType = folder.assetcatalog; path = Assets.xcassets; sourceTree = "<group>"; };
		4D50EAFB295DE7DD001CDF97 /* Preview Assets.xcassets */ = {isa = PBXFileReference; lastKnownFileType = folder.assetcatalog; path = "Preview Assets.xcassets"; sourceTree = "<group>"; };
		4D50EB02295DE871001CDF97 /* Cloud.swift */ = {isa = PBXFileReference; lastKnownFileType = sourcecode.swift; path = Cloud.swift; sourceTree = "<group>"; };
		4D50EB04295DE9A9001CDF97 /* CloudGroup.swift */ = {isa = PBXFileReference; lastKnownFileType = sourcecode.swift; path = CloudGroup.swift; sourceTree = "<group>"; };
		4D50EB06295DEC59001CDF97 /* CloudsView.swift */ = {isa = PBXFileReference; lastKnownFileType = sourcecode.swift; path = CloudsView.swift; sourceTree = "<group>"; };
		4D50EB08295E11A1001CDF97 /* Color-Custom.swift */ = {isa = PBXFileReference; lastKnownFileType = sourcecode.swift; path = "Color-Custom.swift"; sourceTree = "<group>"; };
		4D50EB0A295E12CA001CDF97 /* Array.GradientStop.swift */ = {isa = PBXFileReference; lastKnownFileType = sourcecode.swift; path = Array.GradientStop.swift; sourceTree = "<group>"; };
		4D50EB0C295F2A74001CDF97 /* Color-Interpolation.swift */ = {isa = PBXFileReference; lastKnownFileType = sourcecode.swift; path = "Color-Interpolation.swift"; sourceTree = "<group>"; };
		4D50EB0E295F42F0001CDF97 /* Star.swift */ = {isa = PBXFileReference; lastKnownFileType = sourcecode.swift; path = Star.swift; sourceTree = "<group>"; };
		4D50EB10295F4348001CDF97 /* StarField.swift */ = {isa = PBXFileReference; lastKnownFileType = sourcecode.swift; path = StarField.swift; sourceTree = "<group>"; };
		4D50EB12295F4489001CDF97 /* StarsView.swift */ = {isa = PBXFileReference; lastKnownFileType = sourcecode.swift; path = StarsView.swift; sourceTree = "<group>"; };
		4D50EB14295F59B1001CDF97 /* Storm.swift */ = {isa = PBXFileReference; lastKnownFileType = sourcecode.swift; path = Storm.swift; sourceTree = "<group>"; };
		4D50EB16295F5A42001CDF97 /* StormDrop.swift */ = {isa = PBXFileReference; lastKnownFileType = sourcecode.swift; path = StormDrop.swift; sourceTree = "<group>"; };
		4D50EB18295F5DB4001CDF97 /* StormView.swift */ = {isa = PBXFileReference; lastKnownFileType = sourcecode.swift; path = StormView.swift; sourceTree = "<group>"; };
		4D50EB1A295F63E7001CDF97 /* ResidueDrop.swift */ = {isa = PBXFileReference; lastKnownFileType = sourcecode.swift; path = ResidueDrop.swift; sourceTree = "<group>"; };
		4D50EB1C295F6565001CDF97 /* Residue.swift */ = {isa = PBXFileReference; lastKnownFileType = sourcecode.swift; path = Residue.swift; sourceTree = "<group>"; };
		4D50EB1E295F6FAF001CDF97 /* ResidueView.swift */ = {isa = PBXFileReference; lastKnownFileType = sourcecode.swift; path = ResidueView.swift; sourceTree = "<group>"; };
		4D50EB20295F70B3001CDF97 /* WeatherDetailsView.swift */ = {isa = PBXFileReference; lastKnownFileType = sourcecode.swift; path = WeatherDetailsView.swift; sourceTree = "<group>"; };
		4D5276592969B5900095EFC9 /* SunView.swift */ = {isa = PBXFileReference; lastKnownFileType = sourcecode.swift; path = SunView.swift; sourceTree = "<group>"; };
		4D52765B2969BCCC0095EFC9 /* Meteor.swift */ = {isa = PBXFileReference; lastKnownFileType = sourcecode.swift; path = Meteor.swift; sourceTree = "<group>"; };
		4D52765D2969BE880095EFC9 /* MeteorShower.swift */ = {isa = PBXFileReference; lastKnownFileType = sourcecode.swift; path = MeteorShower.swift; sourceTree = "<group>"; };
		4D84425A2967222400CE6898 /* LightningBolt.swift */ = {isa = PBXFileReference; lastKnownFileType = sourcecode.swift; path = LightningBolt.swift; sourceTree = "<group>"; };
		4D84425C296723B100CE6898 /* Lightning.swift */ = {isa = PBXFileReference; lastKnownFileType = sourcecode.swift; path = Lightning.swift; sourceTree = "<group>"; };
		4D84425E29672F6000CE6898 /* LightningView.swift */ = {isa = PBXFileReference; lastKnownFileType = sourcecode.swift; path = LightningView.swift; sourceTree = "<group>"; };
/* End PBXFileReference section */

/* Begin PBXFrameworksBuildPhase section */
		4D50EAEE295DE7DC001CDF97 /* Frameworks */ = {
			isa = PBXFrameworksBuildPhase;
			buildActionMask = 2147483647;
			files = (
			);
			runOnlyForDeploymentPostprocessing = 0;
		};
/* End PBXFrameworksBuildPhase section */

/* Begin PBXGroup section */
		4D50EAE8295DE7DC001CDF97 = {
			isa = PBXGroup;
			children = (
				4D50EAF3295DE7DC001CDF97 /* HackingWeather */,
				4D50EAF2295DE7DC001CDF97 /* Products */,
			);
			sourceTree = "<group>";
		};
		4D50EAF2295DE7DC001CDF97 /* Products */ = {
			isa = PBXGroup;
			children = (
				4D50EAF1295DE7DC001CDF97 /* HackingWeather.app */,
			);
			name = Products;
			sourceTree = "<group>";
		};
		4D50EAF3295DE7DC001CDF97 /* HackingWeather */ = {
			isa = PBXGroup;
			children = (
				4D50EAF4295DE7DC001CDF97 /* HackingWeatherApp.swift */,
				4D50EAF6295DE7DC001CDF97 /* ContentView.swift */,
				4D5276592969B5900095EFC9 /* SunView.swift */,
				4D52765B2969BCCC0095EFC9 /* Meteor.swift */,
				4D52765D2969BE880095EFC9 /* MeteorShower.swift */,
				4D50EB1A295F63E7001CDF97 /* ResidueDrop.swift */,
				4D50EB1C295F6565001CDF97 /* Residue.swift */,
				4D50EB1E295F6FAF001CDF97 /* ResidueView.swift */,
				4D50EB20295F70B3001CDF97 /* WeatherDetailsView.swift */,
				4D50EB0E295F42F0001CDF97 /* Star.swift */,
				4D50EB10295F4348001CDF97 /* StarField.swift */,
				4D50EB12295F4489001CDF97 /* StarsView.swift */,
				4D50EB14295F59B1001CDF97 /* Storm.swift */,
				4D50EB18295F5DB4001CDF97 /* StormView.swift */,
				4D84425A2967222400CE6898 /* LightningBolt.swift */,
				4D84425C296723B100CE6898 /* Lightning.swift */,
				4D84425E29672F6000CE6898 /* LightningView.swift */,
				4D50EB16295F5A42001CDF97 /* StormDrop.swift */,
				4D50EB0C295F2A74001CDF97 /* Color-Interpolation.swift */,
				4D50EB0A295E12CA001CDF97 /* Array.GradientStop.swift */,
				4D50EB08295E11A1001CDF97 /* Color-Custom.swift */,
				4D50EB02295DE871001CDF97 /* Cloud.swift */,
				4D50EB04295DE9A9001CDF97 /* CloudGroup.swift */,
				4D50EB06295DEC59001CDF97 /* CloudsView.swift */,
				4D50EAF8295DE7DD001CDF97 /* Assets.xcassets */,
				4D50EAFA295DE7DD001CDF97 /* Preview Content */,
			);
			path = HackingWeather;
			sourceTree = "<group>";
		};
		4D50EAFA295DE7DD001CDF97 /* Preview Content */ = {
			isa = PBXGroup;
			children = (
				4D50EAFB295DE7DD001CDF97 /* Preview Assets.xcassets */,
			);
			path = "Preview Content";
			sourceTree = "<group>";
		};
/* End PBXGroup section */

/* Begin PBXNativeTarget section */
		4D50EAF0295DE7DC001CDF97 /* HackingWeather */ = {
			isa = PBXNativeTarget;
			buildConfigurationList = 4D50EAFF295DE7DD001CDF97 /* Build configuration list for PBXNativeTarget "HackingWeather" */;
			buildPhases = (
				4D50EAED295DE7DC001CDF97 /* Sources */,
				4D50EAEE295DE7DC001CDF97 /* Frameworks */,
				4D50EAEF295DE7DC001CDF97 /* Resources */,
			);
			buildRules = (
			);
			dependencies = (
			);
			name = HackingWeather;
			productName = HackingWeather;
			productReference = 4D50EAF1295DE7DC001CDF97 /* HackingWeather.app */;
			productType = "com.apple.product-type.application";
		};
/* End PBXNativeTarget section */

/* Begin PBXProject section */
		4D50EAE9295DE7DC001CDF97 /* Project object */ = {
			isa = PBXProject;
			attributes = {
				BuildIndependentTargetsInParallel = 1;
				LastSwiftUpdateCheck = 1420;
				LastUpgradeCheck = 1420;
				TargetAttributes = {
					4D50EAF0295DE7DC001CDF97 = {
						CreatedOnToolsVersion = 14.2;
					};
				};
			};
			buildConfigurationList = 4D50EAEC295DE7DC001CDF97 /* Build configuration list for PBXProject "HackingWeather" */;
			compatibilityVersion = "Xcode 14.0";
			developmentRegion = en;
			hasScannedForEncodings = 0;
			knownRegions = (
				en,
				Base,
			);
			mainGroup = 4D50EAE8295DE7DC001CDF97;
			productRefGroup = 4D50EAF2295DE7DC001CDF97 /* Products */;
			projectDirPath = "";
			projectRoot = "";
			targets = (
				4D50EAF0295DE7DC001CDF97 /* HackingWeather */,
			);
		};
/* End PBXProject section */

/* Begin PBXResourcesBuildPhase section */
		4D50EAEF295DE7DC001CDF97 /* Resources */ = {
			isa = PBXResourcesBuildPhase;
			buildActionMask = 2147483647;
			files = (
				4D50EAFC295DE7DD001CDF97 /* Preview Assets.xcassets in Resources */,
				4D50EAF9295DE7DD001CDF97 /* Assets.xcassets in Resources */,
			);
			runOnlyForDeploymentPostprocessing = 0;
		};
/* End PBXResourcesBuildPhase section */

/* Begin PBXSourcesBuildPhase section */
		4D50EAED295DE7DC001CDF97 /* Sources */ = {
			isa = PBXSourcesBuildPhase;
			buildActionMask = 2147483647;
			files = (
				4D50EB17295F5A42001CDF97 /* StormDrop.swift in Sources */,
				4D52765E2969BE880095EFC9 /* MeteorShower.swift in Sources */,
				4D50EB0F295F42F0001CDF97 /* Star.swift in Sources */,
				4D50EB1B295F63E7001CDF97 /* ResidueDrop.swift in Sources */,
				4D50EB0D295F2A74001CDF97 /* Color-Interpolation.swift in Sources */,
				4D50EAF7295DE7DC001CDF97 /* ContentView.swift in Sources */,
				4D50EB15295F59B1001CDF97 /* Storm.swift in Sources */,
				4D50EB03295DE871001CDF97 /* Cloud.swift in Sources */,
				4D50EB19295F5DB4001CDF97 /* StormView.swift in Sources */,
				4D50EB21295F70B3001CDF97 /* WeatherDetailsView.swift in Sources */,
				4D52765A2969B5900095EFC9 /* SunView.swift in Sources */,
				4D50EB0B295E12CA001CDF97 /* Array.GradientStop.swift in Sources */,
				4D52765C2969BCCC0095EFC9 /* Meteor.swift in Sources */,
				4D50EB1D295F6565001CDF97 /* Residue.swift in Sources */,
				4D50EB1F295F6FAF001CDF97 /* ResidueView.swift in Sources */,
				4D50EB09295E11A1001CDF97 /* Color-Custom.swift in Sources */,
				4D50EB11295F4348001CDF97 /* StarField.swift in Sources */,
				4D84425B2967222400CE6898 /* LightningBolt.swift in Sources */,
				4D50EAF5295DE7DC001CDF97 /* HackingWeatherApp.swift in Sources */,
				4D50EB05295DE9A9001CDF97 /* CloudGroup.swift in Sources */,
				4D50EB13295F4489001CDF97 /* StarsView.swift in Sources */,
				4D84425D296723B100CE6898 /* Lightning.swift in Sources */,
				4D84425F29672F6000CE6898 /* LightningView.swift in Sources */,
				4D50EB07295DEC59001CDF97 /* CloudsView.swift in Sources */,
			);
			runOnlyForDeploymentPostprocessing = 0;
		};
/* End PBXSourcesBuildPhase section */

/* Begin XCBuildConfiguration section */
		4D50EAFD295DE7DD001CDF97 /* Debug */ = {
			isa = XCBuildConfiguration;
			buildSettings = {
				ALWAYS_SEARCH_USER_PATHS = NO;
				CLANG_ANALYZER_NONNULL = YES;
				CLANG_ANALYZER_NUMBER_OBJECT_CONVERSION = YES_AGGRESSIVE;
				CLANG_CXX_LANGUAGE_STANDARD = "gnu++20";
				CLANG_ENABLE_MODULES = YES;
				CLANG_ENABLE_OBJC_ARC = YES;
				CLANG_ENABLE_OBJC_WEAK = YES;
				CLANG_WARN_BLOCK_CAPTURE_AUTORELEASING = YES;
				CLANG_WARN_BOOL_CONVERSION = YES;
				CLANG_WARN_COMMA = YES;
				CLANG_WARN_CONSTANT_CONVERSION = YES;
				CLANG_WARN_DEPRECATED_OBJC_IMPLEMENTATIONS = YES;
				CLANG_WARN_DIRECT_OBJC_ISA_USAGE = YES_ERROR;
				CLANG_WARN_DOCUMENTATION_COMMENTS = YES;
				CLANG_WARN_EMPTY_BODY = YES;
				CLANG_WARN_ENUM_CONVERSION = YES;
				CLANG_WARN_INFINITE_RECURSION = YES;
				CLANG_WARN_INT_CONVERSION = YES;
				CLANG_WARN_NON_LITERAL_NULL_CONVERSION = YES;
				CLANG_WARN_OBJC_IMPLICIT_RETAIN_SELF = YES;
				CLANG_WARN_OBJC_LITERAL_CONVERSION = YES;
				CLANG_WARN_OBJC_ROOT_CLASS = YES_ERROR;
				CLANG_WARN_QUOTED_INCLUDE_IN_FRAMEWORK_HEADER = YES;
				CLANG_WARN_RANGE_LOOP_ANALYSIS = YES;
				CLANG_WARN_STRICT_PROTOTYPES = YES;
				CLANG_WARN_SUSPICIOUS_MOVE = YES;
				CLANG_WARN_UNGUARDED_AVAILABILITY = YES_AGGRESSIVE;
				CLANG_WARN_UNREACHABLE_CODE = YES;
				CLANG_WARN__DUPLICATE_METHOD_MATCH = YES;
				COPY_PHASE_STRIP = NO;
				DEBUG_INFORMATION_FORMAT = dwarf;
				ENABLE_STRICT_OBJC_MSGSEND = YES;
				ENABLE_TESTABILITY = YES;
				GCC_C_LANGUAGE_STANDARD = gnu11;
				GCC_DYNAMIC_NO_PIC = NO;
				GCC_NO_COMMON_BLOCKS = YES;
				GCC_OPTIMIZATION_LEVEL = 0;
				GCC_PREPROCESSOR_DEFINITIONS = (
					"DEBUG=1",
					"$(inherited)",
				);
				GCC_WARN_64_TO_32_BIT_CONVERSION = YES;
				GCC_WARN_ABOUT_RETURN_TYPE = YES_ERROR;
				GCC_WARN_UNDECLARED_SELECTOR = YES;
				GCC_WARN_UNINITIALIZED_AUTOS = YES_AGGRESSIVE;
				GCC_WARN_UNUSED_FUNCTION = YES;
				GCC_WARN_UNUSED_VARIABLE = YES;
				IPHONEOS_DEPLOYMENT_TARGET = 16.2;
				MTL_ENABLE_DEBUG_INFO = INCLUDE_SOURCE;
				MTL_FAST_MATH = YES;
				ONLY_ACTIVE_ARCH = YES;
				SDKROOT = iphoneos;
				SWIFT_ACTIVE_COMPILATION_CONDITIONS = DEBUG;
				SWIFT_OPTIMIZATION_LEVEL = "-Onone";
			};
			name = Debug;
		};
		4D50EAFE295DE7DD001CDF97 /* Release */ = {
			isa = XCBuildConfiguration;
			buildSettings = {
				ALWAYS_SEARCH_USER_PATHS = NO;
				CLANG_ANALYZER_NONNULL = YES;
				CLANG_ANALYZER_NUMBER_OBJECT_CONVERSION = YES_AGGRESSIVE;
				CLANG_CXX_LANGUAGE_STANDARD = "gnu++20";
				CLANG_ENABLE_MODULES = YES;
				CLANG_ENABLE_OBJC_ARC = YES;
				CLANG_ENABLE_OBJC_WEAK = YES;
				CLANG_WARN_BLOCK_CAPTURE_AUTORELEASING = YES;
				CLANG_WARN_BOOL_CONVERSION = YES;
				CLANG_WARN_COMMA = YES;
				CLANG_WARN_CONSTANT_CONVERSION = YES;
				CLANG_WARN_DEPRECATED_OBJC_IMPLEMENTATIONS = YES;
				CLANG_WARN_DIRECT_OBJC_ISA_USAGE = YES_ERROR;
				CLANG_WARN_DOCUMENTATION_COMMENTS = YES;
				CLANG_WARN_EMPTY_BODY = YES;
				CLANG_WARN_ENUM_CONVERSION = YES;
				CLANG_WARN_INFINITE_RECURSION = YES;
				CLANG_WARN_INT_CONVERSION = YES;
				CLANG_WARN_NON_LITERAL_NULL_CONVERSION = YES;
				CLANG_WARN_OBJC_IMPLICIT_RETAIN_SELF = YES;
				CLANG_WARN_OBJC_LITERAL_CONVERSION = YES;
				CLANG_WARN_OBJC_ROOT_CLASS = YES_ERROR;
				CLANG_WARN_QUOTED_INCLUDE_IN_FRAMEWORK_HEADER = YES;
				CLANG_WARN_RANGE_LOOP_ANALYSIS = YES;
				CLANG_WARN_STRICT_PROTOTYPES = YES;
				CLANG_WARN_SUSPICIOUS_MOVE = YES;
				CLANG_WARN_UNGUARDED_AVAILABILITY = YES_AGGRESSIVE;
				CLANG_WARN_UNREACHABLE_CODE = YES;
				CLANG_WARN__DUPLICATE_METHOD_MATCH = YES;
				COPY_PHASE_STRIP = NO;
				DEBUG_INFORMATION_FORMAT = "dwarf-with-dsym";
				ENABLE_NS_ASSERTIONS = NO;
				ENABLE_STRICT_OBJC_MSGSEND = YES;
				GCC_C_LANGUAGE_STANDARD = gnu11;
				GCC_NO_COMMON_BLOCKS = YES;
				GCC_WARN_64_TO_32_BIT_CONVERSION = YES;
				GCC_WARN_ABOUT_RETURN_TYPE = YES_ERROR;
				GCC_WARN_UNDECLARED_SELECTOR = YES;
				GCC_WARN_UNINITIALIZED_AUTOS = YES_AGGRESSIVE;
				GCC_WARN_UNUSED_FUNCTION = YES;
				GCC_WARN_UNUSED_VARIABLE = YES;
				IPHONEOS_DEPLOYMENT_TARGET = 16.2;
				MTL_ENABLE_DEBUG_INFO = NO;
				MTL_FAST_MATH = YES;
				SDKROOT = iphoneos;
				SWIFT_COMPILATION_MODE = wholemodule;
				SWIFT_OPTIMIZATION_LEVEL = "-O";
				VALIDATE_PRODUCT = YES;
			};
			name = Release;
		};
		4D50EB00295DE7DD001CDF97 /* Debug */ = {
			isa = XCBuildConfiguration;
			buildSettings = {
				ASSETCATALOG_COMPILER_APPICON_NAME = AppIcon;
				ASSETCATALOG_COMPILER_GLOBAL_ACCENT_COLOR_NAME = AccentColor;
				CODE_SIGN_STYLE = Automatic;
				CURRENT_PROJECT_VERSION = 1;
				DEVELOPMENT_ASSET_PATHS = "\"HackingWeather/Preview Content\"";
				DEVELOPMENT_TEAM = 55AT6EYVPW;
				ENABLE_PREVIEWS = YES;
				GENERATE_INFOPLIST_FILE = YES;
				INFOPLIST_KEY_UIApplicationSceneManifest_Generation = YES;
				INFOPLIST_KEY_UIApplicationSupportsIndirectInputEvents = YES;
				INFOPLIST_KEY_UILaunchScreen_Generation = YES;
				INFOPLIST_KEY_UISupportedInterfaceOrientations_iPad = "UIInterfaceOrientationPortrait UIInterfaceOrientationPortraitUpsideDown UIInterfaceOrientationLandscapeLeft UIInterfaceOrientationLandscapeRight";
				INFOPLIST_KEY_UISupportedInterfaceOrientations_iPhone = "UIInterfaceOrientationPortrait UIInterfaceOrientationLandscapeLeft UIInterfaceOrientationLandscapeRight";
				LD_RUNPATH_SEARCH_PATHS = (
					"$(inherited)",
					"@executable_path/Frameworks",
				);
				MARKETING_VERSION = 1.0;
				PRODUCT_BUNDLE_IDENTIFIER = com.townsend.HackingWeather;
				PRODUCT_NAME = "$(TARGET_NAME)";
				SWIFT_EMIT_LOC_STRINGS = YES;
				SWIFT_VERSION = 5.0;
				TARGETED_DEVICE_FAMILY = "1,2";
			};
			name = Debug;
		};
		4D50EB01295DE7DD001CDF97 /* Release */ = {
			isa = XCBuildConfiguration;
			buildSettings = {
				ASSETCATALOG_COMPILER_APPICON_NAME = AppIcon;
				ASSETCATALOG_COMPILER_GLOBAL_ACCENT_COLOR_NAME = AccentColor;
				CODE_SIGN_STYLE = Automatic;
				CURRENT_PROJECT_VERSION = 1;
				DEVELOPMENT_ASSET_PATHS = "\"HackingWeather/Preview Content\"";
				DEVELOPMENT_TEAM = 55AT6EYVPW;
				ENABLE_PREVIEWS = YES;
				GENERATE_INFOPLIST_FILE = YES;
				INFOPLIST_KEY_UIApplicationSceneManifest_Generation = YES;
				INFOPLIST_KEY_UIApplicationSupportsIndirectInputEvents = YES;
				INFOPLIST_KEY_UILaunchScreen_Generation = YES;
				INFOPLIST_KEY_UISupportedInterfaceOrientations_iPad = "UIInterfaceOrientationPortrait UIInterfaceOrientationPortraitUpsideDown UIInterfaceOrientationLandscapeLeft UIInterfaceOrientationLandscapeRight";
				INFOPLIST_KEY_UISupportedInterfaceOrientations_iPhone = "UIInterfaceOrientationPortrait UIInterfaceOrientationLandscapeLeft UIInterfaceOrientationLandscapeRight";
				LD_RUNPATH_SEARCH_PATHS = (
					"$(inherited)",
					"@executable_path/Frameworks",
				);
				MARKETING_VERSION = 1.0;
				PRODUCT_BUNDLE_IDENTIFIER = com.townsend.HackingWeather;
				PRODUCT_NAME = "$(TARGET_NAME)";
				SWIFT_EMIT_LOC_STRINGS = YES;
				SWIFT_VERSION = 5.0;
				TARGETED_DEVICE_FAMILY = "1,2";
			};
			name = Release;
		};
/* End XCBuildConfiguration section */

/* Begin XCConfigurationList section */
		4D50EAEC295DE7DC001CDF97 /* Build configuration list for PBXProject "HackingWeather" */ = {
			isa = XCConfigurationList;
			buildConfigurations = (
				4D50EAFD295DE7DD001CDF97 /* Debug */,
				4D50EAFE295DE7DD001CDF97 /* Release */,
			);
			defaultConfigurationIsVisible = 0;
			defaultConfigurationName = Release;
		};
		4D50EAFF295DE7DD001CDF97 /* Build configuration list for PBXNativeTarget "HackingWeather" */ = {
			isa = XCConfigurationList;
			buildConfigurations = (
				4D50EB00295DE7DD001CDF97 /* Debug */,
				4D50EB01295DE7DD001CDF97 /* Release */,
			);
			defaultConfigurationIsVisible = 0;
			defaultConfigurationName = Release;
		};
/* End XCConfigurationList section */
	};
	rootObject = 4D50EAE9295DE7DC001CDF97 /* Project object */;
}
